// !$*UTF8*$!
{
	archiveVersion = 1;
	classes = {
	};
	objectVersion = 55;
	objects = {

/* Begin PBXBuildFile section */
		668F7D12F29BA61911C2D6CB /* Pods_Chatty.framework in Frameworks */ = {isa = PBXBuildFile; fileRef = E0A74D7895D23152EC90A4C6 /* Pods_Chatty.framework */; };
		9E0A8A8F281BEEB200FA8688 /* GoogleService-Info.plist in Resources */ = {isa = PBXBuildFile; fileRef = 9E0A8A8E281BEEB200FA8688 /* GoogleService-Info.plist */; };
		9E0A8A94281BF7D300FA8688 /* FirebaseAnalytics in Frameworks */ = {isa = PBXBuildFile; productRef = 9E0A8A93281BF7D300FA8688 /* FirebaseAnalytics */; };
		9E0A8A96281BF7D300FA8688 /* FirebaseAnalyticsSwift-Beta in Frameworks */ = {isa = PBXBuildFile; productRef = 9E0A8A95281BF7D300FA8688 /* FirebaseAnalyticsSwift-Beta */; };
		9E0A8A98281BF7D300FA8688 /* FirebaseAnalyticsWithoutAdIdSupport in Frameworks */ = {isa = PBXBuildFile; productRef = 9E0A8A97281BF7D300FA8688 /* FirebaseAnalyticsWithoutAdIdSupport */; };
		9E0A8A9A281BF7D300FA8688 /* FirebaseAppCheck in Frameworks */ = {isa = PBXBuildFile; productRef = 9E0A8A99281BF7D300FA8688 /* FirebaseAppCheck */; };
		9E0A8A9C281BF7D300FA8688 /* FirebaseAppDistribution-Beta in Frameworks */ = {isa = PBXBuildFile; productRef = 9E0A8A9B281BF7D300FA8688 /* FirebaseAppDistribution-Beta */; };
		9E0A8A9E281BF7D300FA8688 /* FirebaseAuth in Frameworks */ = {isa = PBXBuildFile; productRef = 9E0A8A9D281BF7D300FA8688 /* FirebaseAuth */; };
		9E0A8AA0281BF7D300FA8688 /* FirebaseAuthCombine-Community in Frameworks */ = {isa = PBXBuildFile; productRef = 9E0A8A9F281BF7D300FA8688 /* FirebaseAuthCombine-Community */; };
		9E0A8AA2281BF7D300FA8688 /* FirebaseCrashlytics in Frameworks */ = {isa = PBXBuildFile; productRef = 9E0A8AA1281BF7D300FA8688 /* FirebaseCrashlytics */; };
		9E0A8AA4281BF7D300FA8688 /* FirebaseDatabase in Frameworks */ = {isa = PBXBuildFile; productRef = 9E0A8AA3281BF7D300FA8688 /* FirebaseDatabase */; };
		9E0A8AA6281BF7D300FA8688 /* FirebaseDatabaseSwift-Beta in Frameworks */ = {isa = PBXBuildFile; productRef = 9E0A8AA5281BF7D300FA8688 /* FirebaseDatabaseSwift-Beta */; };
		9E0A8AA8281BF7D300FA8688 /* FirebaseDynamicLinks in Frameworks */ = {isa = PBXBuildFile; productRef = 9E0A8AA7281BF7D300FA8688 /* FirebaseDynamicLinks */; };
		9E0A8AAA281BF7D300FA8688 /* FirebaseFirestore in Frameworks */ = {isa = PBXBuildFile; productRef = 9E0A8AA9281BF7D300FA8688 /* FirebaseFirestore */; };
		9E0A8AAC281BF7D300FA8688 /* FirebaseFirestoreCombine-Community in Frameworks */ = {isa = PBXBuildFile; productRef = 9E0A8AAB281BF7D300FA8688 /* FirebaseFirestoreCombine-Community */; };
		9E0A8AAE281BF7D300FA8688 /* FirebaseFirestoreSwift-Beta in Frameworks */ = {isa = PBXBuildFile; productRef = 9E0A8AAD281BF7D300FA8688 /* FirebaseFirestoreSwift-Beta */; };
		9E0A8AB0281BF7D300FA8688 /* FirebaseFunctions in Frameworks */ = {isa = PBXBuildFile; productRef = 9E0A8AAF281BF7D300FA8688 /* FirebaseFunctions */; };
		9E0A8AB2281BF7D300FA8688 /* FirebaseFunctionsCombine-Community in Frameworks */ = {isa = PBXBuildFile; productRef = 9E0A8AB1281BF7D300FA8688 /* FirebaseFunctionsCombine-Community */; };
		9E0A8AB4281BF7D300FA8688 /* FirebaseFunctionsSwift-Beta in Frameworks */ = {isa = PBXBuildFile; productRef = 9E0A8AB3281BF7D300FA8688 /* FirebaseFunctionsSwift-Beta */; };
		9E0A8AB6281BF7D300FA8688 /* FirebaseInAppMessaging-Beta in Frameworks */ = {isa = PBXBuildFile; productRef = 9E0A8AB5281BF7D300FA8688 /* FirebaseInAppMessaging-Beta */; };
		9E0A8AB8281BF7D300FA8688 /* FirebaseInAppMessagingSwift-Beta in Frameworks */ = {isa = PBXBuildFile; productRef = 9E0A8AB7281BF7D300FA8688 /* FirebaseInAppMessagingSwift-Beta */; };
		9E0A8ABA281BF7D300FA8688 /* FirebaseInstallations in Frameworks */ = {isa = PBXBuildFile; productRef = 9E0A8AB9281BF7D300FA8688 /* FirebaseInstallations */; };
		9E0A8ABC281BF7D300FA8688 /* FirebaseMLModelDownloader in Frameworks */ = {isa = PBXBuildFile; productRef = 9E0A8ABB281BF7D300FA8688 /* FirebaseMLModelDownloader */; };
		9E0A8ABE281BF7D300FA8688 /* FirebaseMessaging in Frameworks */ = {isa = PBXBuildFile; productRef = 9E0A8ABD281BF7D300FA8688 /* FirebaseMessaging */; };
		9E0A8AC0281BF7D300FA8688 /* FirebasePerformance in Frameworks */ = {isa = PBXBuildFile; productRef = 9E0A8ABF281BF7D300FA8688 /* FirebasePerformance */; };
		9E0A8AC2281BF7D300FA8688 /* FirebaseRemoteConfig in Frameworks */ = {isa = PBXBuildFile; productRef = 9E0A8AC1281BF7D300FA8688 /* FirebaseRemoteConfig */; };
		9E0A8AC4281BF7D300FA8688 /* FirebaseRemoteConfigSwift-Beta in Frameworks */ = {isa = PBXBuildFile; productRef = 9E0A8AC3281BF7D300FA8688 /* FirebaseRemoteConfigSwift-Beta */; };
		9E0A8AC6281BF7D300FA8688 /* FirebaseStorage in Frameworks */ = {isa = PBXBuildFile; productRef = 9E0A8AC5281BF7D300FA8688 /* FirebaseStorage */; };
		9E0A8AC8281BF7D300FA8688 /* FirebaseStorageCombine-Community in Frameworks */ = {isa = PBXBuildFile; productRef = 9E0A8AC7281BF7D300FA8688 /* FirebaseStorageCombine-Community */; };
		9E0A8ACA281BF7D300FA8688 /* FirebaseStorageSwift-Beta in Frameworks */ = {isa = PBXBuildFile; productRef = 9E0A8AC9281BF7D300FA8688 /* FirebaseStorageSwift-Beta */; };
		9E0A8ACC281D396900FA8688 /* Constants.swift in Sources */ = {isa = PBXBuildFile; fileRef = 9E0A8ACB281D396900FA8688 /* Constants.swift */; };
		9E0A8ACE281D3FE200FA8688 /* Message.swift in Sources */ = {isa = PBXBuildFile; fileRef = 9E0A8ACD281D3FE200FA8688 /* Message.swift */; };
		9E2B34A2281D5A900069D702 /* MessageCell.swift in Sources */ = {isa = PBXBuildFile; fileRef = 9E2B34A0281D5A900069D702 /* MessageCell.swift */; };
		9E2B34A3281D5A900069D702 /* MessageCell.xib in Resources */ = {isa = PBXBuildFile; fileRef = 9E2B34A1281D5A900069D702 /* MessageCell.xib */; };
		9EFF891528184BCE0097CA14 /* AppDelegate.swift in Sources */ = {isa = PBXBuildFile; fileRef = 9EFF891428184BCE0097CA14 /* AppDelegate.swift */; };
		9EFF891728184BCE0097CA14 /* SceneDelegate.swift in Sources */ = {isa = PBXBuildFile; fileRef = 9EFF891628184BCE0097CA14 /* SceneDelegate.swift */; };
		9EFF891928184BCE0097CA14 /* WelcomeViewController.swift in Sources */ = {isa = PBXBuildFile; fileRef = 9EFF891828184BCE0097CA14 /* WelcomeViewController.swift */; };
		9EFF891E28184BCF0097CA14 /* Assets.xcassets in Resources */ = {isa = PBXBuildFile; fileRef = 9EFF891D28184BCF0097CA14 /* Assets.xcassets */; };
		9EFF892128184BCF0097CA14 /* LaunchScreen.storyboard in Resources */ = {isa = PBXBuildFile; fileRef = 9EFF891F28184BCF0097CA14 /* LaunchScreen.storyboard */; };
		9EFF892C2819682D0097CA14 /* RegisterViewController.swift in Sources */ = {isa = PBXBuildFile; fileRef = 9EFF892B2819682D0097CA14 /* RegisterViewController.swift */; };
		9EFF89332819AD830097CA14 /* Main.storyboard in Resources */ = {isa = PBXBuildFile; fileRef = 9EFF89312819AD830097CA14 /* Main.storyboard */; };
		9EFF89352819AE610097CA14 /* LoginViewController.swift in Sources */ = {isa = PBXBuildFile; fileRef = 9EFF89342819AE610097CA14 /* LoginViewController.swift */; };
		9EFF89372819AE890097CA14 /* ChatViewController.swift in Sources */ = {isa = PBXBuildFile; fileRef = 9EFF89362819AE890097CA14 /* ChatViewController.swift */; };
/* End PBXBuildFile section */

/* Begin PBXFileReference section */
		1B57A508874E713719E2FFBE /* Pods-Chatty.release.xcconfig */ = {isa = PBXFileReference; includeInIndex = 1; lastKnownFileType = text.xcconfig; name = "Pods-Chatty.release.xcconfig"; path = "Target Support Files/Pods-Chatty/Pods-Chatty.release.xcconfig"; sourceTree = "<group>"; };
		480BB968D05E24C86F2ED899 /* Pods-Chatty.debug.xcconfig */ = {isa = PBXFileReference; includeInIndex = 1; lastKnownFileType = text.xcconfig; name = "Pods-Chatty.debug.xcconfig"; path = "Target Support Files/Pods-Chatty/Pods-Chatty.debug.xcconfig"; sourceTree = "<group>"; };
		9E0A8A89281BDFD100FA8688 /* Foundation.framework */ = {isa = PBXFileReference; lastKnownFileType = wrapper.framework; name = Foundation.framework; path = System/Library/Frameworks/Foundation.framework; sourceTree = SDKROOT; };
		9E0A8A8E281BEEB200FA8688 /* GoogleService-Info.plist */ = {isa = PBXFileReference; fileEncoding = 4; lastKnownFileType = text.plist.xml; path = "GoogleService-Info.plist"; sourceTree = "<group>"; };
		9E0A8ACB281D396900FA8688 /* Constants.swift */ = {isa = PBXFileReference; lastKnownFileType = sourcecode.swift; path = Constants.swift; sourceTree = "<group>"; };
		9E0A8ACD281D3FE200FA8688 /* Message.swift */ = {isa = PBXFileReference; lastKnownFileType = sourcecode.swift; path = Message.swift; sourceTree = "<group>"; };
		9E2B34A0281D5A900069D702 /* MessageCell.swift */ = {isa = PBXFileReference; lastKnownFileType = sourcecode.swift; path = MessageCell.swift; sourceTree = "<group>"; };
		9E2B34A1281D5A900069D702 /* MessageCell.xib */ = {isa = PBXFileReference; lastKnownFileType = file.xib; path = MessageCell.xib; sourceTree = "<group>"; };
		9EFF891128184BCE0097CA14 /* Chatty.app */ = {isa = PBXFileReference; explicitFileType = wrapper.application; includeInIndex = 0; path = Chatty.app; sourceTree = BUILT_PRODUCTS_DIR; };
		9EFF891428184BCE0097CA14 /* AppDelegate.swift */ = {isa = PBXFileReference; lastKnownFileType = sourcecode.swift; path = AppDelegate.swift; sourceTree = "<group>"; };
		9EFF891628184BCE0097CA14 /* SceneDelegate.swift */ = {isa = PBXFileReference; lastKnownFileType = sourcecode.swift; path = SceneDelegate.swift; sourceTree = "<group>"; };
		9EFF891828184BCE0097CA14 /* WelcomeViewController.swift */ = {isa = PBXFileReference; lastKnownFileType = sourcecode.swift; path = WelcomeViewController.swift; sourceTree = "<group>"; };
		9EFF891D28184BCF0097CA14 /* Assets.xcassets */ = {isa = PBXFileReference; lastKnownFileType = folder.assetcatalog; path = Assets.xcassets; sourceTree = "<group>"; };
		9EFF892028184BCF0097CA14 /* Base */ = {isa = PBXFileReference; lastKnownFileType = file.storyboard; name = Base; path = Base.lproj/LaunchScreen.storyboard; sourceTree = "<group>"; };
		9EFF892228184BCF0097CA14 /* Info.plist */ = {isa = PBXFileReference; lastKnownFileType = text.plist.xml; path = Info.plist; sourceTree = "<group>"; };
		9EFF892B2819682D0097CA14 /* RegisterViewController.swift */ = {isa = PBXFileReference; lastKnownFileType = sourcecode.swift; path = RegisterViewController.swift; sourceTree = "<group>"; };
		9EFF89322819AD830097CA14 /* Base */ = {isa = PBXFileReference; lastKnownFileType = file.storyboard; name = Base; path = Base.lproj/Main.storyboard; sourceTree = "<group>"; };
		9EFF89342819AE610097CA14 /* LoginViewController.swift */ = {isa = PBXFileReference; lastKnownFileType = sourcecode.swift; path = LoginViewController.swift; sourceTree = "<group>"; };
		9EFF89362819AE890097CA14 /* ChatViewController.swift */ = {isa = PBXFileReference; lastKnownFileType = sourcecode.swift; path = ChatViewController.swift; sourceTree = "<group>"; };
		E0A74D7895D23152EC90A4C6 /* Pods_Chatty.framework */ = {isa = PBXFileReference; explicitFileType = wrapper.framework; includeInIndex = 0; path = Pods_Chatty.framework; sourceTree = BUILT_PRODUCTS_DIR; };
/* End PBXFileReference section */

/* Begin PBXFrameworksBuildPhase section */
		9EFF890E28184BCE0097CA14 /* Frameworks */ = {
			isa = PBXFrameworksBuildPhase;
			buildActionMask = 2147483647;
			files = (
				9E0A8AA4281BF7D300FA8688 /* FirebaseDatabase in Frameworks */,
				9E0A8AB4281BF7D300FA8688 /* FirebaseFunctionsSwift-Beta in Frameworks */,
				9E0A8AB8281BF7D300FA8688 /* FirebaseInAppMessagingSwift-Beta in Frameworks */,
				9E0A8ABE281BF7D300FA8688 /* FirebaseMessaging in Frameworks */,
				9E0A8AB2281BF7D300FA8688 /* FirebaseFunctionsCombine-Community in Frameworks */,
				9E0A8AAA281BF7D300FA8688 /* FirebaseFirestore in Frameworks */,
				9E0A8A96281BF7D300FA8688 /* FirebaseAnalyticsSwift-Beta in Frameworks */,
				9E0A8A94281BF7D300FA8688 /* FirebaseAnalytics in Frameworks */,
				9E0A8ABC281BF7D300FA8688 /* FirebaseMLModelDownloader in Frameworks */,
				668F7D12F29BA61911C2D6CB /* Pods_Chatty.framework in Frameworks */,
				9E0A8A9A281BF7D300FA8688 /* FirebaseAppCheck in Frameworks */,
				9E0A8A98281BF7D300FA8688 /* FirebaseAnalyticsWithoutAdIdSupport in Frameworks */,
				9E0A8A9E281BF7D300FA8688 /* FirebaseAuth in Frameworks */,
				9E0A8ACA281BF7D300FA8688 /* FirebaseStorageSwift-Beta in Frameworks */,
				9E0A8AA2281BF7D300FA8688 /* FirebaseCrashlytics in Frameworks */,
				9E0A8AC0281BF7D300FA8688 /* FirebasePerformance in Frameworks */,
				9E0A8AB6281BF7D300FA8688 /* FirebaseInAppMessaging-Beta in Frameworks */,
				9E0A8AA6281BF7D300FA8688 /* FirebaseDatabaseSwift-Beta in Frameworks */,
				9E0A8AC4281BF7D300FA8688 /* FirebaseRemoteConfigSwift-Beta in Frameworks */,
				9E0A8A9C281BF7D300FA8688 /* FirebaseAppDistribution-Beta in Frameworks */,
				9E0A8ABA281BF7D300FA8688 /* FirebaseInstallations in Frameworks */,
				9E0A8AC6281BF7D300FA8688 /* FirebaseStorage in Frameworks */,
				9E0A8AC2281BF7D300FA8688 /* FirebaseRemoteConfig in Frameworks */,
				9E0A8AC8281BF7D300FA8688 /* FirebaseStorageCombine-Community in Frameworks */,
				9E0A8AB0281BF7D300FA8688 /* FirebaseFunctions in Frameworks */,
				9E0A8AA0281BF7D300FA8688 /* FirebaseAuthCombine-Community in Frameworks */,
				9E0A8AAE281BF7D300FA8688 /* FirebaseFirestoreSwift-Beta in Frameworks */,
				9E0A8AA8281BF7D300FA8688 /* FirebaseDynamicLinks in Frameworks */,
				9E0A8AAC281BF7D300FA8688 /* FirebaseFirestoreCombine-Community in Frameworks */,
			);
			runOnlyForDeploymentPostprocessing = 0;
		};
/* End PBXFrameworksBuildPhase section */

/* Begin PBXGroup section */
		9C123AC0F33314A67402E15C /* Frameworks */ = {
			isa = PBXGroup;
			children = (
				9E0A8A89281BDFD100FA8688 /* Foundation.framework */,
				E0A74D7895D23152EC90A4C6 /* Pods_Chatty.framework */,
			);
			name = Frameworks;
			sourceTree = "<group>";
		};
		9EFF890828184BCE0097CA14 = {
			isa = PBXGroup;
			children = (
				9EFF891328184BCE0097CA14 /* Chatty */,
				9EFF891228184BCE0097CA14 /* Products */,
				CFCA3E746A69C87E1F5BFFB9 /* Pods */,
				9C123AC0F33314A67402E15C /* Frameworks */,
			);
			sourceTree = "<group>";
		};
		9EFF891228184BCE0097CA14 /* Products */ = {
			isa = PBXGroup;
			children = (
				9EFF891128184BCE0097CA14 /* Chatty.app */,
			);
			name = Products;
			sourceTree = "<group>";
		};
		9EFF891328184BCE0097CA14 /* Chatty */ = {
			isa = PBXGroup;
			children = (
				9EFF891428184BCE0097CA14 /* AppDelegate.swift */,
				9EFF891628184BCE0097CA14 /* SceneDelegate.swift */,
				9EFF892828184BD60097CA14 /* Model */,
				9EFF892928184BDC0097CA14 /* View */,
				9EFF892A28184BE20097CA14 /* Controller */,
				9EFF891D28184BCF0097CA14 /* Assets.xcassets */,
				9EFF891F28184BCF0097CA14 /* LaunchScreen.storyboard */,
				9E0A8A8E281BEEB200FA8688 /* GoogleService-Info.plist */,
				9EFF892228184BCF0097CA14 /* Info.plist */,
				9E0A8ACB281D396900FA8688 /* Constants.swift */,
			);
			path = Chatty;
			sourceTree = "<group>";
		};
		9EFF892828184BD60097CA14 /* Model */ = {
			isa = PBXGroup;
			children = (
				9E0A8ACD281D3FE200FA8688 /* Message.swift */,
			);
			path = Model;
			sourceTree = "<group>";
		};
		9EFF892928184BDC0097CA14 /* View */ = {
			isa = PBXGroup;
			children = (
				9EFF89312819AD830097CA14 /* Main.storyboard */,
				9E2B34A0281D5A900069D702 /* MessageCell.swift */,
				9E2B34A1281D5A900069D702 /* MessageCell.xib */,
			);
			path = View;
			sourceTree = "<group>";
		};
		9EFF892A28184BE20097CA14 /* Controller */ = {
			isa = PBXGroup;
			children = (
				9EFF891828184BCE0097CA14 /* WelcomeViewController.swift */,
				9EFF892B2819682D0097CA14 /* RegisterViewController.swift */,
				9EFF89342819AE610097CA14 /* LoginViewController.swift */,
				9EFF89362819AE890097CA14 /* ChatViewController.swift */,
			);
			path = Controller;
			sourceTree = "<group>";
		};
		CFCA3E746A69C87E1F5BFFB9 /* Pods */ = {
			isa = PBXGroup;
			children = (
				480BB968D05E24C86F2ED899 /* Pods-Chatty.debug.xcconfig */,
				1B57A508874E713719E2FFBE /* Pods-Chatty.release.xcconfig */,
			);
			path = Pods;
			sourceTree = "<group>";
		};
/* End PBXGroup section */

/* Begin PBXNativeTarget section */
		9EFF891028184BCE0097CA14 /* Chatty */ = {
			isa = PBXNativeTarget;
			buildConfigurationList = 9EFF892528184BCF0097CA14 /* Build configuration list for PBXNativeTarget "Chatty" */;
			buildPhases = (
				998940F4E9FCDA03C5ABF3E4 /* [CP] Check Pods Manifest.lock */,
				9EFF890D28184BCE0097CA14 /* Sources */,
				9EFF890E28184BCE0097CA14 /* Frameworks */,
				9EFF890F28184BCE0097CA14 /* Resources */,
				4BD1BAD3556321C80C3B5C2C /* [CP] Embed Pods Frameworks */,
			);
			buildRules = (
			);
			dependencies = (
			);
			name = Chatty;
			packageProductDependencies = (
				9E0A8A93281BF7D300FA8688 /* FirebaseAnalytics */,
				9E0A8A95281BF7D300FA8688 /* FirebaseAnalyticsSwift-Beta */,
				9E0A8A97281BF7D300FA8688 /* FirebaseAnalyticsWithoutAdIdSupport */,
				9E0A8A99281BF7D300FA8688 /* FirebaseAppCheck */,
				9E0A8A9B281BF7D300FA8688 /* FirebaseAppDistribution-Beta */,
				9E0A8A9D281BF7D300FA8688 /* FirebaseAuth */,
				9E0A8A9F281BF7D300FA8688 /* FirebaseAuthCombine-Community */,
				9E0A8AA1281BF7D300FA8688 /* FirebaseCrashlytics */,
				9E0A8AA3281BF7D300FA8688 /* FirebaseDatabase */,
				9E0A8AA5281BF7D300FA8688 /* FirebaseDatabaseSwift-Beta */,
				9E0A8AA7281BF7D300FA8688 /* FirebaseDynamicLinks */,
				9E0A8AA9281BF7D300FA8688 /* FirebaseFirestore */,
				9E0A8AAB281BF7D300FA8688 /* FirebaseFirestoreCombine-Community */,
				9E0A8AAD281BF7D300FA8688 /* FirebaseFirestoreSwift-Beta */,
				9E0A8AAF281BF7D300FA8688 /* FirebaseFunctions */,
				9E0A8AB1281BF7D300FA8688 /* FirebaseFunctionsCombine-Community */,
				9E0A8AB3281BF7D300FA8688 /* FirebaseFunctionsSwift-Beta */,
				9E0A8AB5281BF7D300FA8688 /* FirebaseInAppMessaging-Beta */,
				9E0A8AB7281BF7D300FA8688 /* FirebaseInAppMessagingSwift-Beta */,
				9E0A8AB9281BF7D300FA8688 /* FirebaseInstallations */,
				9E0A8ABB281BF7D300FA8688 /* FirebaseMLModelDownloader */,
				9E0A8ABD281BF7D300FA8688 /* FirebaseMessaging */,
				9E0A8ABF281BF7D300FA8688 /* FirebasePerformance */,
				9E0A8AC1281BF7D300FA8688 /* FirebaseRemoteConfig */,
				9E0A8AC3281BF7D300FA8688 /* FirebaseRemoteConfigSwift-Beta */,
				9E0A8AC5281BF7D300FA8688 /* FirebaseStorage */,
				9E0A8AC7281BF7D300FA8688 /* FirebaseStorageCombine-Community */,
				9E0A8AC9281BF7D300FA8688 /* FirebaseStorageSwift-Beta */,
			);
			productName = Chatty;
			productReference = 9EFF891128184BCE0097CA14 /* Chatty.app */;
			productType = "com.apple.product-type.application";
		};
/* End PBXNativeTarget section */

/* Begin PBXProject section */
		9EFF890928184BCE0097CA14 /* Project object */ = {
			isa = PBXProject;
			attributes = {
				BuildIndependentTargetsInParallel = 1;
				LastSwiftUpdateCheck = 1330;
				LastUpgradeCheck = 1330;
				TargetAttributes = {
					9EFF891028184BCE0097CA14 = {
						CreatedOnToolsVersion = 13.3.1;
					};
				};
			};
			buildConfigurationList = 9EFF890C28184BCE0097CA14 /* Build configuration list for PBXProject "Chatty" */;
			compatibilityVersion = "Xcode 13.0";
			developmentRegion = en;
			hasScannedForEncodings = 0;
			knownRegions = (
				en,
				Base,
			);
			mainGroup = 9EFF890828184BCE0097CA14;
			packageReferences = (
				9E0A8A92281BF7D300FA8688 /* XCRemoteSwiftPackageReference "firebase-ios-sdk" */,
			);
			productRefGroup = 9EFF891228184BCE0097CA14 /* Products */;
			projectDirPath = "";
			projectRoot = "";
			targets = (
				9EFF891028184BCE0097CA14 /* Chatty */,
			);
		};
/* End PBXProject section */

/* Begin PBXResourcesBuildPhase section */
		9EFF890F28184BCE0097CA14 /* Resources */ = {
			isa = PBXResourcesBuildPhase;
			buildActionMask = 2147483647;
			files = (
				9E2B34A3281D5A900069D702 /* MessageCell.xib in Resources */,
				9EFF892128184BCF0097CA14 /* LaunchScreen.storyboard in Resources */,
				9E0A8A8F281BEEB200FA8688 /* GoogleService-Info.plist in Resources */,
				9EFF891E28184BCF0097CA14 /* Assets.xcassets in Resources */,
				9EFF89332819AD830097CA14 /* Main.storyboard in Resources */,
			);
			runOnlyForDeploymentPostprocessing = 0;
		};
/* End PBXResourcesBuildPhase section */

/* Begin PBXShellScriptBuildPhase section */
		4BD1BAD3556321C80C3B5C2C /* [CP] Embed Pods Frameworks */ = {
			isa = PBXShellScriptBuildPhase;
			buildActionMask = 2147483647;
			files = (
			);
			inputFileListPaths = (
				"${PODS_ROOT}/Target Support Files/Pods-Chatty/Pods-Chatty-frameworks-${CONFIGURATION}-input-files.xcfilelist",
			);
			name = "[CP] Embed Pods Frameworks";
			outputFileListPaths = (
				"${PODS_ROOT}/Target Support Files/Pods-Chatty/Pods-Chatty-frameworks-${CONFIGURATION}-output-files.xcfilelist",
			);
			runOnlyForDeploymentPostprocessing = 0;
			shellPath = /bin/sh;
			shellScript = "\"${PODS_ROOT}/Target Support Files/Pods-Chatty/Pods-Chatty-frameworks.sh\"\n";
			showEnvVarsInLog = 0;
		};
		998940F4E9FCDA03C5ABF3E4 /* [CP] Check Pods Manifest.lock */ = {
			isa = PBXShellScriptBuildPhase;
			buildActionMask = 2147483647;
			files = (
			);
			inputFileListPaths = (
			);
			inputPaths = (
				"${PODS_PODFILE_DIR_PATH}/Podfile.lock",
				"${PODS_ROOT}/Manifest.lock",
			);
			name = "[CP] Check Pods Manifest.lock";
			outputFileListPaths = (
			);
			outputPaths = (
				"$(DERIVED_FILE_DIR)/Pods-Chatty-checkManifestLockResult.txt",
			);
			runOnlyForDeploymentPostprocessing = 0;
			shellPath = /bin/sh;
			shellScript = "diff \"${PODS_PODFILE_DIR_PATH}/Podfile.lock\" \"${PODS_ROOT}/Manifest.lock\" > /dev/null\nif [ $? != 0 ] ; then\n    # print error to STDERR\n    echo \"error: The sandbox is not in sync with the Podfile.lock. Run 'pod install' or update your CocoaPods installation.\" >&2\n    exit 1\nfi\n# This output is used by Xcode 'outputs' to avoid re-running this script phase.\necho \"SUCCESS\" > \"${SCRIPT_OUTPUT_FILE_0}\"\n";
			showEnvVarsInLog = 0;
		};
/* End PBXShellScriptBuildPhase section */

/* Begin PBXSourcesBuildPhase section */
		9EFF890D28184BCE0097CA14 /* Sources */ = {
			isa = PBXSourcesBuildPhase;
			buildActionMask = 2147483647;
			files = (
				9EFF891928184BCE0097CA14 /* WelcomeViewController.swift in Sources */,
				9EFF891528184BCE0097CA14 /* AppDelegate.swift in Sources */,
				9EFF891728184BCE0097CA14 /* SceneDelegate.swift in Sources */,
				9EFF89352819AE610097CA14 /* LoginViewController.swift in Sources */,
				9E0A8ACC281D396900FA8688 /* Constants.swift in Sources */,
				9E0A8ACE281D3FE200FA8688 /* Message.swift in Sources */,
				9EFF89372819AE890097CA14 /* ChatViewController.swift in Sources */,
				9EFF892C2819682D0097CA14 /* RegisterViewController.swift in Sources */,
				9E2B34A2281D5A900069D702 /* MessageCell.swift in Sources */,
			);
			runOnlyForDeploymentPostprocessing = 0;
		};
/* End PBXSourcesBuildPhase section */

/* Begin PBXVariantGroup section */
		9EFF891F28184BCF0097CA14 /* LaunchScreen.storyboard */ = {
			isa = PBXVariantGroup;
			children = (
				9EFF892028184BCF0097CA14 /* Base */,
			);
			name = LaunchScreen.storyboard;
			sourceTree = "<group>";
		};
		9EFF89312819AD830097CA14 /* Main.storyboard */ = {
			isa = PBXVariantGroup;
			children = (
				9EFF89322819AD830097CA14 /* Base */,
			);
			name = Main.storyboard;
			sourceTree = "<group>";
		};
/* End PBXVariantGroup section */

/* Begin XCBuildConfiguration section */
		9EFF892328184BCF0097CA14 /* Debug */ = {
			isa = XCBuildConfiguration;
			buildSettings = {
				ALWAYS_SEARCH_USER_PATHS = NO;
				CLANG_ANALYZER_NONNULL = YES;
				CLANG_ANALYZER_NUMBER_OBJECT_CONVERSION = YES_AGGRESSIVE;
				CLANG_CXX_LANGUAGE_STANDARD = "gnu++17";
				CLANG_ENABLE_MODULES = YES;
				CLANG_ENABLE_OBJC_ARC = YES;
				CLANG_ENABLE_OBJC_WEAK = YES;
				CLANG_WARN_BLOCK_CAPTURE_AUTORELEASING = YES;
				CLANG_WARN_BOOL_CONVERSION = YES;
				CLANG_WARN_COMMA = YES;
				CLANG_WARN_CONSTANT_CONVERSION = YES;
				CLANG_WARN_DEPRECATED_OBJC_IMPLEMENTATIONS = YES;
				CLANG_WARN_DIRECT_OBJC_ISA_USAGE = YES_ERROR;
				CLANG_WARN_DOCUMENTATION_COMMENTS = YES;
				CLANG_WARN_EMPTY_BODY = YES;
				CLANG_WARN_ENUM_CONVERSION = YES;
				CLANG_WARN_INFINITE_RECURSION = YES;
				CLANG_WARN_INT_CONVERSION = YES;
				CLANG_WARN_NON_LITERAL_NULL_CONVERSION = YES;
				CLANG_WARN_OBJC_IMPLICIT_RETAIN_SELF = YES;
				CLANG_WARN_OBJC_LITERAL_CONVERSION = YES;
				CLANG_WARN_OBJC_ROOT_CLASS = YES_ERROR;
				CLANG_WARN_QUOTED_INCLUDE_IN_FRAMEWORK_HEADER = YES;
				CLANG_WARN_RANGE_LOOP_ANALYSIS = YES;
				CLANG_WARN_STRICT_PROTOTYPES = YES;
				CLANG_WARN_SUSPICIOUS_MOVE = YES;
				CLANG_WARN_UNGUARDED_AVAILABILITY = YES_AGGRESSIVE;
				CLANG_WARN_UNREACHABLE_CODE = YES;
				CLANG_WARN__DUPLICATE_METHOD_MATCH = YES;
				COPY_PHASE_STRIP = NO;
				DEBUG_INFORMATION_FORMAT = dwarf;
				ENABLE_STRICT_OBJC_MSGSEND = YES;
				ENABLE_TESTABILITY = YES;
				GCC_C_LANGUAGE_STANDARD = gnu11;
				GCC_DYNAMIC_NO_PIC = NO;
				GCC_NO_COMMON_BLOCKS = YES;
				GCC_OPTIMIZATION_LEVEL = 0;
				GCC_PREPROCESSOR_DEFINITIONS = (
					"DEBUG=1",
					"$(inherited)",
				);
				GCC_WARN_64_TO_32_BIT_CONVERSION = YES;
				GCC_WARN_ABOUT_RETURN_TYPE = YES_ERROR;
				GCC_WARN_UNDECLARED_SELECTOR = YES;
				GCC_WARN_UNINITIALIZED_AUTOS = YES_AGGRESSIVE;
				GCC_WARN_UNUSED_FUNCTION = YES;
				GCC_WARN_UNUSED_VARIABLE = YES;
				IPHONEOS_DEPLOYMENT_TARGET = 13.0;
				MTL_ENABLE_DEBUG_INFO = INCLUDE_SOURCE;
				MTL_FAST_MATH = YES;
				ONLY_ACTIVE_ARCH = YES;
				SDKROOT = iphoneos;
				SWIFT_ACTIVE_COMPILATION_CONDITIONS = DEBUG;
				SWIFT_OPTIMIZATION_LEVEL = "-Onone";
			};
			name = Debug;
		};
		9EFF892428184BCF0097CA14 /* Release */ = {
			isa = XCBuildConfiguration;
			buildSettings = {
				ALWAYS_SEARCH_USER_PATHS = NO;
				CLANG_ANALYZER_NONNULL = YES;
				CLANG_ANALYZER_NUMBER_OBJECT_CONVERSION = YES_AGGRESSIVE;
				CLANG_CXX_LANGUAGE_STANDARD = "gnu++17";
				CLANG_ENABLE_MODULES = YES;
				CLANG_ENABLE_OBJC_ARC = YES;
				CLANG_ENABLE_OBJC_WEAK = YES;
				CLANG_WARN_BLOCK_CAPTURE_AUTORELEASING = YES;
				CLANG_WARN_BOOL_CONVERSION = YES;
				CLANG_WARN_COMMA = YES;
				CLANG_WARN_CONSTANT_CONVERSION = YES;
				CLANG_WARN_DEPRECATED_OBJC_IMPLEMENTATIONS = YES;
				CLANG_WARN_DIRECT_OBJC_ISA_USAGE = YES_ERROR;
				CLANG_WARN_DOCUMENTATION_COMMENTS = YES;
				CLANG_WARN_EMPTY_BODY = YES;
				CLANG_WARN_ENUM_CONVERSION = YES;
				CLANG_WARN_INFINITE_RECURSION = YES;
				CLANG_WARN_INT_CONVERSION = YES;
				CLANG_WARN_NON_LITERAL_NULL_CONVERSION = YES;
				CLANG_WARN_OBJC_IMPLICIT_RETAIN_SELF = YES;
				CLANG_WARN_OBJC_LITERAL_CONVERSION = YES;
				CLANG_WARN_OBJC_ROOT_CLASS = YES_ERROR;
				CLANG_WARN_QUOTED_INCLUDE_IN_FRAMEWORK_HEADER = YES;
				CLANG_WARN_RANGE_LOOP_ANALYSIS = YES;
				CLANG_WARN_STRICT_PROTOTYPES = YES;
				CLANG_WARN_SUSPICIOUS_MOVE = YES;
				CLANG_WARN_UNGUARDED_AVAILABILITY = YES_AGGRESSIVE;
				CLANG_WARN_UNREACHABLE_CODE = YES;
				CLANG_WARN__DUPLICATE_METHOD_MATCH = YES;
				COPY_PHASE_STRIP = NO;
				DEBUG_INFORMATION_FORMAT = "dwarf-with-dsym";
				ENABLE_NS_ASSERTIONS = NO;
				ENABLE_STRICT_OBJC_MSGSEND = YES;
				GCC_C_LANGUAGE_STANDARD = gnu11;
				GCC_NO_COMMON_BLOCKS = YES;
				GCC_WARN_64_TO_32_BIT_CONVERSION = YES;
				GCC_WARN_ABOUT_RETURN_TYPE = YES_ERROR;
				GCC_WARN_UNDECLARED_SELECTOR = YES;
				GCC_WARN_UNINITIALIZED_AUTOS = YES_AGGRESSIVE;
				GCC_WARN_UNUSED_FUNCTION = YES;
				GCC_WARN_UNUSED_VARIABLE = YES;
				IPHONEOS_DEPLOYMENT_TARGET = 13.0;
				MTL_ENABLE_DEBUG_INFO = NO;
				MTL_FAST_MATH = YES;
				SDKROOT = iphoneos;
				SWIFT_COMPILATION_MODE = wholemodule;
				SWIFT_OPTIMIZATION_LEVEL = "-O";
				VALIDATE_PRODUCT = YES;
			};
			name = Release;
		};
		9EFF892628184BCF0097CA14 /* Debug */ = {
			isa = XCBuildConfiguration;
			baseConfigurationReference = 480BB968D05E24C86F2ED899 /* Pods-Chatty.debug.xcconfig */;
			buildSettings = {
				ASSETCATALOG_COMPILER_APPICON_NAME = AppIcon;
				ASSETCATALOG_COMPILER_GLOBAL_ACCENT_COLOR_NAME = AccentColor;
				CODE_SIGN_STYLE = Automatic;
				CURRENT_PROJECT_VERSION = 1;
				DEVELOPMENT_TEAM = PP85UBA626;
				GENERATE_INFOPLIST_FILE = YES;
				INFOPLIST_FILE = Chatty/Info.plist;
				INFOPLIST_KEY_UIApplicationSupportsIndirectInputEvents = YES;
				INFOPLIST_KEY_UILaunchStoryboardName = LaunchScreen;
				INFOPLIST_KEY_UIMainStoryboardFile = Main;
				INFOPLIST_KEY_UISupportedInterfaceOrientations_iPad = "UIInterfaceOrientationPortrait UIInterfaceOrientationPortraitUpsideDown UIInterfaceOrientationLandscapeLeft UIInterfaceOrientationLandscapeRight";
				INFOPLIST_KEY_UISupportedInterfaceOrientations_iPhone = "UIInterfaceOrientationPortrait UIInterfaceOrientationLandscapeLeft UIInterfaceOrientationLandscapeRight";
				IPHONEOS_DEPLOYMENT_TARGET = 13.0;
				LD_RUNPATH_SEARCH_PATHS = (
					"$(inherited)",
					"@executable_path/Frameworks",
				);
				MARKETING_VERSION = 1.0;
				PRODUCT_BUNDLE_IDENTIFIER = com.spikywu7.Chatty;
				PRODUCT_NAME = "$(TARGET_NAME)";
				SWIFT_EMIT_LOC_STRINGS = YES;
				SWIFT_VERSION = 5.0;
				TARGETED_DEVICE_FAMILY = 1;
			};
			name = Debug;
		};
		9EFF892728184BCF0097CA14 /* Release */ = {
			isa = XCBuildConfiguration;
			baseConfigurationReference = 1B57A508874E713719E2FFBE /* Pods-Chatty.release.xcconfig */;
			buildSettings = {
				ASSETCATALOG_COMPILER_APPICON_NAME = AppIcon;
				ASSETCATALOG_COMPILER_GLOBAL_ACCENT_COLOR_NAME = AccentColor;
				CODE_SIGN_STYLE = Automatic;
				CURRENT_PROJECT_VERSION = 1;
				DEVELOPMENT_TEAM = PP85UBA626;
				GENERATE_INFOPLIST_FILE = YES;
				INFOPLIST_FILE = Chatty/Info.plist;
				INFOPLIST_KEY_UIApplicationSupportsIndirectInputEvents = YES;
				INFOPLIST_KEY_UILaunchStoryboardName = LaunchScreen;
				INFOPLIST_KEY_UIMainStoryboardFile = Main;
				INFOPLIST_KEY_UISupportedInterfaceOrientations_iPad = "UIInterfaceOrientationPortrait UIInterfaceOrientationPortraitUpsideDown UIInterfaceOrientationLandscapeLeft UIInterfaceOrientationLandscapeRight";
				INFOPLIST_KEY_UISupportedInterfaceOrientations_iPhone = "UIInterfaceOrientationPortrait UIInterfaceOrientationLandscapeLeft UIInterfaceOrientationLandscapeRight";
				IPHONEOS_DEPLOYMENT_TARGET = 13.0;
				LD_RUNPATH_SEARCH_PATHS = (
					"$(inherited)",
					"@executable_path/Frameworks",
				);
				MARKETING_VERSION = 1.0;
				PRODUCT_BUNDLE_IDENTIFIER = com.spikywu7.Chatty;
				PRODUCT_NAME = "$(TARGET_NAME)";
				SWIFT_EMIT_LOC_STRINGS = YES;
				SWIFT_VERSION = 5.0;
				TARGETED_DEVICE_FAMILY = 1;
			};
			name = Release;
		};
/* End XCBuildConfiguration section */

/* Begin XCConfigurationList section */
		9EFF890C28184BCE0097CA14 /* Build configuration list for PBXProject "Chatty" */ = {
			isa = XCConfigurationList;
			buildConfigurations = (
				9EFF892328184BCF0097CA14 /* Debug */,
				9EFF892428184BCF0097CA14 /* Release */,
			);
			defaultConfigurationIsVisible = 0;
			defaultConfigurationName = Release;
		};
		9EFF892528184BCF0097CA14 /* Build configuration list for PBXNativeTarget "Chatty" */ = {
			isa = XCConfigurationList;
			buildConfigurations = (
				9EFF892628184BCF0097CA14 /* Debug */,
				9EFF892728184BCF0097CA14 /* Release */,
			);
			defaultConfigurationIsVisible = 0;
			defaultConfigurationName = Release;
		};
/* End XCConfigurationList section */

/* Begin XCRemoteSwiftPackageReference section */
		9E0A8A92281BF7D300FA8688 /* XCRemoteSwiftPackageReference "firebase-ios-sdk" */ = {
			isa = XCRemoteSwiftPackageReference;
			repositoryURL = "https://github.com/firebase/firebase-ios-sdk";
			requirement = {
				kind = upToNextMajorVersion;
				minimumVersion = 8.0.0;
			};
		};
/* End XCRemoteSwiftPackageReference section */

/* Begin XCSwiftPackageProductDependency section */
		9E0A8A93281BF7D300FA8688 /* FirebaseAnalytics */ = {
			isa = XCSwiftPackageProductDependency;
			package = 9E0A8A92281BF7D300FA8688 /* XCRemoteSwiftPackageReference "firebase-ios-sdk" */;
			productName = FirebaseAnalytics;
		};
		9E0A8A95281BF7D300FA8688 /* FirebaseAnalyticsSwift-Beta */ = {
			isa = XCSwiftPackageProductDependency;
			package = 9E0A8A92281BF7D300FA8688 /* XCRemoteSwiftPackageReference "firebase-ios-sdk" */;
			productName = "FirebaseAnalyticsSwift-Beta";
		};
		9E0A8A97281BF7D300FA8688 /* FirebaseAnalyticsWithoutAdIdSupport */ = {
			isa = XCSwiftPackageProductDependency;
			package = 9E0A8A92281BF7D300FA8688 /* XCRemoteSwiftPackageReference "firebase-ios-sdk" */;
			productName = FirebaseAnalyticsWithoutAdIdSupport;
		};
		9E0A8A99281BF7D300FA8688 /* FirebaseAppCheck */ = {
			isa = XCSwiftPackageProductDependency;
			package = 9E0A8A92281BF7D300FA8688 /* XCRemoteSwiftPackageReference "firebase-ios-sdk" */;
			productName = FirebaseAppCheck;
		};
		9E0A8A9B281BF7D300FA8688 /* FirebaseAppDistribution-Beta */ = {
			isa = XCSwiftPackageProductDependency;
			package = 9E0A8A92281BF7D300FA8688 /* XCRemoteSwiftPackageReference "firebase-ios-sdk" */;
			productName = "FirebaseAppDistribution-Beta";
		};
		9E0A8A9D281BF7D300FA8688 /* FirebaseAuth */ = {
			isa = XCSwiftPackageProductDependency;
			package = 9E0A8A92281BF7D300FA8688 /* XCRemoteSwiftPackageReference "firebase-ios-sdk" */;
			productName = FirebaseAuth;
		};
		9E0A8A9F281BF7D300FA8688 /* FirebaseAuthCombine-Community */ = {
			isa = XCSwiftPackageProductDependency;
			package = 9E0A8A92281BF7D300FA8688 /* XCRemoteSwiftPackageReference "firebase-ios-sdk" */;
			productName = "FirebaseAuthCombine-Community";
		};
		9E0A8AA1281BF7D300FA8688 /* FirebaseCrashlytics */ = {
			isa = XCSwiftPackageProductDependency;
			package = 9E0A8A92281BF7D300FA8688 /* XCRemoteSwiftPackageReference "firebase-ios-sdk" */;
			productName = FirebaseCrashlytics;
		};
		9E0A8AA3281BF7D300FA8688 /* FirebaseDatabase */ = {
			isa = XCSwiftPackageProductDependency;
			package = 9E0A8A92281BF7D300FA8688 /* XCRemoteSwiftPackageReference "firebase-ios-sdk" */;
			productName = FirebaseDatabase;
		};
		9E0A8AA5281BF7D300FA8688 /* FirebaseDatabaseSwift-Beta */ = {
			isa = XCSwiftPackageProductDependency;
			package = 9E0A8A92281BF7D300FA8688 /* XCRemoteSwiftPackageReference "firebase-ios-sdk" */;
			productName = "FirebaseDatabaseSwift-Beta";
		};
		9E0A8AA7281BF7D300FA8688 /* FirebaseDynamicLinks */ = {
			isa = XCSwiftPackageProductDependency;
			package = 9E0A8A92281BF7D300FA8688 /* XCRemoteSwiftPackageReference "firebase-ios-sdk" */;
			productName = FirebaseDynamicLinks;
		};
		9E0A8AA9281BF7D300FA8688 /* FirebaseFirestore */ = {
			isa = XCSwiftPackageProductDependency;
			package = 9E0A8A92281BF7D300FA8688 /* XCRemoteSwiftPackageReference "firebase-ios-sdk" */;
			productName = FirebaseFirestore;
		};
		9E0A8AAB281BF7D300FA8688 /* FirebaseFirestoreCombine-Community */ = {
			isa = XCSwiftPackageProductDependency;
			package = 9E0A8A92281BF7D300FA8688 /* XCRemoteSwiftPackageReference "firebase-ios-sdk" */;
			productName = "FirebaseFirestoreCombine-Community";
		};
		9E0A8AAD281BF7D300FA8688 /* FirebaseFirestoreSwift-Beta */ = {
			isa = XCSwiftPackageProductDependency;
			package = 9E0A8A92281BF7D300FA8688 /* XCRemoteSwiftPackageReference "firebase-ios-sdk" */;
			productName = "FirebaseFirestoreSwift-Beta";
		};
		9E0A8AAF281BF7D300FA8688 /* FirebaseFunctions */ = {
			isa = XCSwiftPackageProductDependency;
			package = 9E0A8A92281BF7D300FA8688 /* XCRemoteSwiftPackageReference "firebase-ios-sdk" */;
			productName = FirebaseFunctions;
		};
		9E0A8AB1281BF7D300FA8688 /* FirebaseFunctionsCombine-Community */ = {
			isa = XCSwiftPackageProductDependency;
			package = 9E0A8A92281BF7D300FA8688 /* XCRemoteSwiftPackageReference "firebase-ios-sdk" */;
			productName = "FirebaseFunctionsCombine-Community";
		};
		9E0A8AB3281BF7D300FA8688 /* FirebaseFunctionsSwift-Beta */ = {
			isa = XCSwiftPackageProductDependency;
			package = 9E0A8A92281BF7D300FA8688 /* XCRemoteSwiftPackageReference "firebase-ios-sdk" */;
			productName = "FirebaseFunctionsSwift-Beta";
		};
		9E0A8AB5281BF7D300FA8688 /* FirebaseInAppMessaging-Beta */ = {
			isa = XCSwiftPackageProductDependency;
			package = 9E0A8A92281BF7D300FA8688 /* XCRemoteSwiftPackageReference "firebase-ios-sdk" */;
			productName = "FirebaseInAppMessaging-Beta";
		};
		9E0A8AB7281BF7D300FA8688 /* FirebaseInAppMessagingSwift-Beta */ = {
			isa = XCSwiftPackageProductDependency;
			package = 9E0A8A92281BF7D300FA8688 /* XCRemoteSwiftPackageReference "firebase-ios-sdk" */;
			productName = "FirebaseInAppMessagingSwift-Beta";
		};
		9E0A8AB9281BF7D300FA8688 /* FirebaseInstallations */ = {
			isa = XCSwiftPackageProductDependency;
			package = 9E0A8A92281BF7D300FA8688 /* XCRemoteSwiftPackageReference "firebase-ios-sdk" */;
			productName = FirebaseInstallations;
		};
		9E0A8ABB281BF7D300FA8688 /* FirebaseMLModelDownloader */ = {
			isa = XCSwiftPackageProductDependency;
			package = 9E0A8A92281BF7D300FA8688 /* XCRemoteSwiftPackageReference "firebase-ios-sdk" */;
			productName = FirebaseMLModelDownloader;
		};
		9E0A8ABD281BF7D300FA8688 /* FirebaseMessaging */ = {
			isa = XCSwiftPackageProductDependency;
			package = 9E0A8A92281BF7D300FA8688 /* XCRemoteSwiftPackageReference "firebase-ios-sdk" */;
			productName = FirebaseMessaging;
		};
		9E0A8ABF281BF7D300FA8688 /* FirebasePerformance */ = {
			isa = XCSwiftPackageProductDependency;
			package = 9E0A8A92281BF7D300FA8688 /* XCRemoteSwiftPackageReference "firebase-ios-sdk" */;
			productName = FirebasePerformance;
		};
		9E0A8AC1281BF7D300FA8688 /* FirebaseRemoteConfig */ = {
			isa = XCSwiftPackageProductDependency;
			package = 9E0A8A92281BF7D300FA8688 /* XCRemoteSwiftPackageReference "firebase-ios-sdk" */;
			productName = FirebaseRemoteConfig;
		};
		9E0A8AC3281BF7D300FA8688 /* FirebaseRemoteConfigSwift-Beta */ = {
			isa = XCSwiftPackageProductDependency;
			package = 9E0A8A92281BF7D300FA8688 /* XCRemoteSwiftPackageReference "firebase-ios-sdk" */;
			productName = "FirebaseRemoteConfigSwift-Beta";
		};
		9E0A8AC5281BF7D300FA8688 /* FirebaseStorage */ = {
			isa = XCSwiftPackageProductDependency;
			package = 9E0A8A92281BF7D300FA8688 /* XCRemoteSwiftPackageReference "firebase-ios-sdk" */;
			productName = FirebaseStorage;
		};
		9E0A8AC7281BF7D300FA8688 /* FirebaseStorageCombine-Community */ = {
			isa = XCSwiftPackageProductDependency;
			package = 9E0A8A92281BF7D300FA8688 /* XCRemoteSwiftPackageReference "firebase-ios-sdk" */;
			productName = "FirebaseStorageCombine-Community";
		};
		9E0A8AC9281BF7D300FA8688 /* FirebaseStorageSwift-Beta */ = {
			isa = XCSwiftPackageProductDependency;
			package = 9E0A8A92281BF7D300FA8688 /* XCRemoteSwiftPackageReference "firebase-ios-sdk" */;
			productName = "FirebaseStorageSwift-Beta";
		};
/* End XCSwiftPackageProductDependency section */
	};
	rootObject = 9EFF890928184BCE0097CA14 /* Project object */;
}
